PODS:
  - Alamofire (4.8.0)
  - AlamofireImage (3.5.0):
    - Alamofire (~> 4.8)
  - Collor (1.1.16)
  - CwlCatchException (1.0.2)
  - CwlPreconditionTesting (1.1.0)

DEPENDENCIES:
  - Alamofire
  - AlamofireImage
  - Collor (from `../`)
  - CwlCatchException (from `https://github.com/mattgallagher/CwlCatchException.git`, commit `ef02010`)
  - CwlPreconditionTesting (from `https://github.com/mattgallagher/CwlPreconditionTesting.git`, commit `3f695f7`)

SPEC REPOS:
  https://github.com/cocoapods/specs.git:
    - Alamofire
    - AlamofireImage

EXTERNAL SOURCES:
  Collor:
    :path: "../"
  CwlCatchException:
    :commit: ef02010
    :git: https://github.com/mattgallagher/CwlCatchException.git
  CwlPreconditionTesting:
    :commit: 3f695f7
    :git: https://github.com/mattgallagher/CwlPreconditionTesting.git

CHECKOUT OPTIONS:
  CwlCatchException:
    :commit: ef02010
    :git: https://github.com/mattgallagher/CwlCatchException.git
  CwlPreconditionTesting:
    :commit: 3f695f7
    :git: https://github.com/mattgallagher/CwlPreconditionTesting.git

SPEC CHECKSUMS:
  Alamofire: 3ec537f71edc9804815215393ae2b1a8ea33a844
  AlamofireImage: 1aea346f4dda2f6c67622fa5a89fcbb80d79cc16
  Collor: 39f1bea4218c1ab1e7f456544eb6895629356954
  CwlCatchException: 70a52ae44ea5d46db7bd385f801a94942420cd8c
  CwlPreconditionTesting: 9add30f7ba4e6a9913b802be66acb66d413c6c8a

PODFILE CHECKSUM: 53c04d869f5a6221857649c49cc9cf0fbebc4c3b

COCOAPODS: 1.5.3
